// !$*UTF8*$!
{
	archiveVersion = 1;
	classes = {
	};
	objectVersion = 46;
	objects = {

/* Begin PBXBuildFile section */
		90E9F19F17BC60A90044226C /* Cocoa.framework in Frameworks */ = {isa = PBXBuildFile; fileRef = 90E9F19E17BC60A90044226C /* Cocoa.framework */; };
		90E9F1A917BC60A90044226C /* InfoPlist.strings in Resources */ = {isa = PBXBuildFile; fileRef = 90E9F1A717BC60A90044226C /* InfoPlist.strings */; };
		90E9F1AB17BC60A90044226C /* main.m in Sources */ = {isa = PBXBuildFile; fileRef = 90E9F1AA17BC60A90044226C /* main.m */; };
		90E9F1AF17BC60A90044226C /* Credits.rtf in Resources */ = {isa = PBXBuildFile; fileRef = 90E9F1AD17BC60A90044226C /* Credits.rtf */; };
		90E9F1B217BC60A90044226C /* WGAppDelegate.m in Sources */ = {isa = PBXBuildFile; fileRef = 90E9F1B117BC60A90044226C /* WGAppDelegate.m */; };
		90E9F1B517BC60A90044226C /* MainMenu.xib in Resources */ = {isa = PBXBuildFile; fileRef = 90E9F1B317BC60A90044226C /* MainMenu.xib */; };
		90E9F1BE17BC61290044226C /* WGUSBDetector.m in Sources */ = {isa = PBXBuildFile; fileRef = 90E9F1BD17BC61290044226C /* WGUSBDetector.m */; };
		90E9F1C017BC63380044226C /* IOKit.framework in Frameworks */ = {isa = PBXBuildFile; fileRef = 90E9F1BF17BC63380044226C /* IOKit.framework */; };
/* End PBXBuildFile section */

/* Begin PBXFileReference section */
		90E9F19B17BC60A90044226C /* WGUSBDetector.app */ = {isa = PBXFileReference; explicitFileType = wrapper.application; includeInIndex = 0; path = WGUSBDetector.app; sourceTree = BUILT_PRODUCTS_DIR; };
		90E9F19E17BC60A90044226C /* Cocoa.framework */ = {isa = PBXFileReference; lastKnownFileType = wrapper.framework; name = Cocoa.framework; path = System/Library/Frameworks/Cocoa.framework; sourceTree = SDKROOT; };
		90E9F1A117BC60A90044226C /* AppKit.framework */ = {isa = PBXFileReference; lastKnownFileType = wrapper.framework; name = AppKit.framework; path = System/Library/Frameworks/AppKit.framework; sourceTree = SDKROOT; };
		90E9F1A217BC60A90044226C /* CoreData.framework */ = {isa = PBXFileReference; lastKnownFileType = wrapper.framework; name = CoreData.framework; path = System/Library/Frameworks/CoreData.framework; sourceTree = SDKROOT; };
		90E9F1A317BC60A90044226C /* Foundation.framework */ = {isa = PBXFileReference; lastKnownFileType = wrapper.framework; name = Foundation.framework; path = System/Library/Frameworks/Foundation.framework; sourceTree = SDKROOT; };
		90E9F1A617BC60A90044226C /* WGUSBDetector-Info.plist */ = {isa = PBXFileReference; lastKnownFileType = text.plist.xml; path = "WGUSBDetector-Info.plist"; sourceTree = "<group>"; };
		90E9F1A817BC60A90044226C /* en */ = {isa = PBXFileReference; lastKnownFileType = text.plist.strings; name = en; path = en.lproj/InfoPlist.strings; sourceTree = "<group>"; };
		90E9F1AA17BC60A90044226C /* main.m */ = {isa = PBXFileReference; lastKnownFileType = sourcecode.c.objc; path = main.m; sourceTree = "<group>"; };
		90E9F1AC17BC60A90044226C /* WGUSBDetector-Prefix.pch */ = {isa = PBXFileReference; lastKnownFileType = sourcecode.c.h; path = "WGUSBDetector-Prefix.pch"; sourceTree = "<group>"; };
		90E9F1AE17BC60A90044226C /* en */ = {isa = PBXFileReference; lastKnownFileType = text.rtf; name = en; path = en.lproj/Credits.rtf; sourceTree = "<group>"; };
		90E9F1B017BC60A90044226C /* WGAppDelegate.h */ = {isa = PBXFileReference; lastKnownFileType = sourcecode.c.h; path = WGAppDelegate.h; sourceTree = "<group>"; };
		90E9F1B117BC60A90044226C /* WGAppDelegate.m */ = {isa = PBXFileReference; lastKnownFileType = sourcecode.c.objc; path = WGAppDelegate.m; sourceTree = "<group>"; };
		90E9F1B417BC60A90044226C /* en */ = {isa = PBXFileReference; lastKnownFileType = file.xib; name = en; path = en.lproj/MainMenu.xib; sourceTree = "<group>"; };
		90E9F1BC17BC61290044226C /* WGUSBDetector.h */ = {isa = PBXFileReference; fileEncoding = 4; lastKnownFileType = sourcecode.c.h; name = WGUSBDetector.h; path = WGUSBDetector/WGUSBDetector.h; sourceTree = "<group>"; };
		90E9F1BD17BC61290044226C /* WGUSBDetector.m */ = {isa = PBXFileReference; fileEncoding = 4; lastKnownFileType = sourcecode.c.objc; name = WGUSBDetector.m; path = WGUSBDetector/WGUSBDetector.m; sourceTree = "<group>"; };
		90E9F1BF17BC63380044226C /* IOKit.framework */ = {isa = PBXFileReference; lastKnownFileType = wrapper.framework; name = IOKit.framework; path = System/Library/Frameworks/IOKit.framework; sourceTree = SDKROOT; };
/* End PBXFileReference section */

/* Begin PBXFrameworksBuildPhase section */
		90E9F19817BC60A90044226C /* Frameworks */ = {
			isa = PBXFrameworksBuildPhase;
			buildActionMask = 2147483647;
			files = (
				90E9F1C017BC63380044226C /* IOKit.framework in Frameworks */,
				90E9F19F17BC60A90044226C /* Cocoa.framework in Frameworks */,
			);
			runOnlyForDeploymentPostprocessing = 0;
		};
/* End PBXFrameworksBuildPhase section */

/* Begin PBXGroup section */
		90E9F19217BC60A90044226C = {
			isa = PBXGroup;
			children = (
				90E9F1BF17BC63380044226C /* IOKit.framework */,
				90E9F1A417BC60A90044226C /* WGUSBDetector */,
				90E9F19D17BC60A90044226C /* Frameworks */,
				90E9F19C17BC60A90044226C /* Products */,
			);
			sourceTree = "<group>";
		};
		90E9F19C17BC60A90044226C /* Products */ = {
			isa = PBXGroup;
			children = (
				90E9F19B17BC60A90044226C /* WGUSBDetector.app */,
			);
			name = Products;
			sourceTree = "<group>";
		};
		90E9F19D17BC60A90044226C /* Frameworks */ = {
			isa = PBXGroup;
			children = (
				90E9F19E17BC60A90044226C /* Cocoa.framework */,
				90E9F1A017BC60A90044226C /* Other Frameworks */,
			);
			name = Frameworks;
			sourceTree = "<group>";
		};
		90E9F1A017BC60A90044226C /* Other Frameworks */ = {
			isa = PBXGroup;
			children = (
				90E9F1A117BC60A90044226C /* AppKit.framework */,
				90E9F1A217BC60A90044226C /* CoreData.framework */,
				90E9F1A317BC60A90044226C /* Foundation.framework */,
			);
			name = "Other Frameworks";
			sourceTree = "<group>";
		};
		90E9F1A417BC60A90044226C /* WGUSBDetector */ = {
			isa = PBXGroup;
			children = (
				90E9F1BB17BC60E50044226C /* WGUSBDetector */,
				90E9F1B017BC60A90044226C /* WGAppDelegate.h */,
				90E9F1B117BC60A90044226C /* WGAppDelegate.m */,
				90E9F1B317BC60A90044226C /* MainMenu.xib */,
				90E9F1A517BC60A90044226C /* Supporting Files */,
				90E9F1BC17BC61290044226C /* WGUSBDetector.h */,
				90E9F1BD17BC61290044226C /* WGUSBDetector.m */,
			);
			path = WGUSBDetector;
			sourceTree = "<group>";
		};
		90E9F1A517BC60A90044226C /* Supporting Files */ = {
			isa = PBXGroup;
			children = (
				90E9F1A617BC60A90044226C /* WGUSBDetector-Info.plist */,
				90E9F1A717BC60A90044226C /* InfoPlist.strings */,
				90E9F1AA17BC60A90044226C /* main.m */,
				90E9F1AC17BC60A90044226C /* WGUSBDetector-Prefix.pch */,
				90E9F1AD17BC60A90044226C /* Credits.rtf */,
			);
			name = "Supporting Files";
			sourceTree = "<group>";
		};
		90E9F1BB17BC60E50044226C /* WGUSBDetector */ = {
			isa = PBXGroup;
			children = (
			);
			name = WGUSBDetector;
			sourceTree = "<group>";
		};
/* End PBXGroup section */

/* Begin PBXNativeTarget section */
		90E9F19A17BC60A90044226C /* WGUSBDetector */ = {
			isa = PBXNativeTarget;
			buildConfigurationList = 90E9F1B817BC60A90044226C /* Build configuration list for PBXNativeTarget "WGUSBDetector" */;
			buildPhases = (
				90E9F19717BC60A90044226C /* Sources */,
				90E9F19817BC60A90044226C /* Frameworks */,
				90E9F19917BC60A90044226C /* Resources */,
			);
			buildRules = (
			);
			dependencies = (
			);
			name = WGUSBDetector;
			productName = WGUSBDetector;
			productReference = 90E9F19B17BC60A90044226C /* WGUSBDetector.app */;
			productType = "com.apple.product-type.application";
		};
/* End PBXNativeTarget section */

/* Begin PBXProject section */
		90E9F19317BC60A90044226C /* Project object */ = {
			isa = PBXProject;
			attributes = {
				CLASSPREFIX = WG;
				LastUpgradeCheck = 0460;
				ORGANIZATIONNAME = "Variable Technologies";
			};
			buildConfigurationList = 90E9F19617BC60A90044226C /* Build configuration list for PBXProject "WGUSBDetector" */;
			compatibilityVersion = "Xcode 3.2";
			developmentRegion = English;
			hasScannedForEncodings = 0;
			knownRegions = (
				en,
			);
			mainGroup = 90E9F19217BC60A90044226C;
			productRefGroup = 90E9F19C17BC60A90044226C /* Products */;
			projectDirPath = "";
			projectRoot = "";
			targets = (
				90E9F19A17BC60A90044226C /* WGUSBDetector */,
			);
		};
/* End PBXProject section */

/* Begin PBXResourcesBuildPhase section */
		90E9F19917BC60A90044226C /* Resources */ = {
			isa = PBXResourcesBuildPhase;
			buildActionMask = 2147483647;
			files = (
				90E9F1A917BC60A90044226C /* InfoPlist.strings in Resources */,
				90E9F1AF17BC60A90044226C /* Credits.rtf in Resources */,
				90E9F1B517BC60A90044226C /* MainMenu.xib in Resources */,
			);
			runOnlyForDeploymentPostprocessing = 0;
		};
/* End PBXResourcesBuildPhase section */

/* Begin PBXSourcesBuildPhase section */
		90E9F19717BC60A90044226C /* Sources */ = {
			isa = PBXSourcesBuildPhase;
			buildActionMask = 2147483647;
			files = (
				90E9F1AB17BC60A90044226C /* main.m in Sources */,
				90E9F1B217BC60A90044226C /* WGAppDelegate.m in Sources */,
				90E9F1BE17BC61290044226C /* WGUSBDetector.m in Sources */,
			);
			runOnlyForDeploymentPostprocessing = 0;
		};
/* End PBXSourcesBuildPhase section */

/* Begin PBXVariantGroup section */
		90E9F1A717BC60A90044226C /* InfoPlist.strings */ = {
			isa = PBXVariantGroup;
			children = (
				90E9F1A817BC60A90044226C /* en */,
			);
			name = InfoPlist.strings;
			sourceTree = "<group>";
		};
		90E9F1AD17BC60A90044226C /* Credits.rtf */ = {
			isa = PBXVariantGroup;
			children = (
				90E9F1AE17BC60A90044226C /* en */,
			);
			name = Credits.rtf;
			sourceTree = "<group>";
		};
		90E9F1B317BC60A90044226C /* MainMenu.xib */ = {
			isa = PBXVariantGroup;
			children = (
				90E9F1B417BC60A90044226C /* en */,
			);
			name = MainMenu.xib;
			sourceTree = "<group>";
		};
/* End PBXVariantGroup section */

/* Begin XCBuildConfiguration section */
		90E9F1B617BC60A90044226C /* Debug */ = {
			isa = XCBuildConfiguration;
			buildSettings = {
				ALWAYS_SEARCH_USER_PATHS = NO;
				ARCHS = "$(ARCHS_STANDARD_64_BIT)";
				CLANG_CXX_LANGUAGE_STANDARD = "gnu++0x";
				CLANG_CXX_LIBRARY = "libc++";
				CLANG_ENABLE_OBJC_ARC = YES;
				CLANG_WARN_CONSTANT_CONVERSION = YES;
				CLANG_WARN_EMPTY_BODY = YES;
				CLANG_WARN_ENUM_CONVERSION = YES;
				CLANG_WARN_INT_CONVERSION = YES;
				CLANG_WARN__DUPLICATE_METHOD_MATCH = YES;
				COPY_PHASE_STRIP = NO;
				GCC_C_LANGUAGE_STANDARD = gnu99;
				GCC_DYNAMIC_NO_PIC = NO;
				GCC_ENABLE_OBJC_EXCEPTIONS = YES;
				GCC_OPTIMIZATION_LEVEL = 0;
				GCC_PREPROCESSOR_DEFINITIONS = (
					"DEBUG=1",
					"$(inherited)",
				);
				GCC_SYMBOLS_PRIVATE_EXTERN = NO;
				GCC_WARN_64_TO_32_BIT_CONVERSION = YES;
				GCC_WARN_ABOUT_RETURN_TYPE = YES;
				GCC_WARN_UNINITIALIZED_AUTOS = YES;
				GCC_WARN_UNUSED_VARIABLE = YES;
				MACOSX_DEPLOYMENT_TARGET = 10.8;
				ONLY_ACTIVE_ARCH = YES;
				SDKROOT = macosx;
			};
			name = Debug;
		};
		90E9F1B717BC60A90044226C /* Release */ = {
			isa = XCBuildConfiguration;
			buildSettings = {
				ALWAYS_SEARCH_USER_PATHS = NO;
				ARCHS = "$(ARCHS_STANDARD_64_BIT)";
				CLANG_CXX_LANGUAGE_STANDARD = "gnu++0x";
				CLANG_CXX_LIBRARY = "libc++";
				CLANG_ENABLE_OBJC_ARC = YES;
				CLANG_WARN_CONSTANT_CONVERSION = YES;
				CLANG_WARN_EMPTY_BODY = YES;
				CLANG_WARN_ENUM_CONVERSION = YES;
				CLANG_WARN_INT_CONVERSION = YES;
				CLANG_WARN__DUPLICATE_METHOD_MATCH = YES;
				COPY_PHASE_STRIP = YES;
				DEBUG_INFORMATION_FORMAT = "dwarf-with-dsym";
				GCC_C_LANGUAGE_STANDARD = gnu99;
				GCC_ENABLE_OBJC_EXCEPTIONS = YES;
				GCC_WARN_64_TO_32_BIT_CONVERSION = YES;
				GCC_WARN_ABOUT_RETURN_TYPE = YES;
				GCC_WARN_UNINITIALIZED_AUTOS = YES;
				GCC_WARN_UNUSED_VARIABLE = YES;
				MACOSX_DEPLOYMENT_TARGET = 10.8;
				SDKROOT = macosx;
			};
			name = Release;
		};
		90E9F1B917BC60A90044226C /* Debug */ = {
			isa = XCBuildConfiguration;
			buildSettings = {
				COMBINE_HIDPI_IMAGES = YES;
				GCC_PRECOMPILE_PREFIX_HEADER = YES;
				GCC_PREFIX_HEADER = "WGUSBDetector/WGUSBDetector-Prefix.pch";
				INFOPLIST_FILE = "WGUSBDetector/WGUSBDetector-Info.plist";
				PRODUCT_NAME = "$(TARGET_NAME)";
				WRAPPER_EXTENSION = app;
			};
			name = Debug;
		};
		90E9F1BA17BC60A90044226C /* Release */ = {
			isa = XCBuildConfiguration;
			buildSettings = {
				COMBINE_HIDPI_IMAGES = YES;
				GCC_PRECOMPILE_PREFIX_HEADER = YES;
				GCC_PREFIX_HEADER = "WGUSBDetector/WGUSBDetector-Prefix.pch";
				INFOPLIST_FILE = "WGUSBDetector/WGUSBDetector-Info.plist";
				PRODUCT_NAME = "$(TARGET_NAME)";
				WRAPPER_EXTENSION = app;
			};
			name = Release;
		};
/* End XCBuildConfiguration section */

/* Begin XCConfigurationList section */
		90E9F19617BC60A90044226C /* Build configuration list for PBXProject "WGUSBDetector" */ = {
			isa = XCConfigurationList;
			buildConfigurations = (
				90E9F1B617BC60A90044226C /* Debug */,
				90E9F1B717BC60A90044226C /* Release */,
			);
			defaultConfigurationIsVisible = 0;
			defaultConfigurationName = Release;
		};
		90E9F1B817BC60A90044226C /* Build configuration list for PBXNativeTarget "WGUSBDetector" */ = {
			isa = XCConfigurationList;
			buildConfigurations = (
				90E9F1B917BC60A90044226C /* Debug */,
				90E9F1BA17BC60A90044226C /* Release */,
			);
			defaultConfigurationIsVisible = 0;
		};
/* End XCConfigurationList section */
	};
	rootObject = 90E9F19317BC60A90044226C /* Project object */;
}
